
Microsoft Visual Studio Solution File, Format Version 12.00
# Visual Studio 15
VisualStudioVersion = 15.0.27130.2036
MinimumVisualStudioVersion = 10.0.40219.1
Project("{9A19103F-16F7-4668-BE54-9A1E7A4F7556}") = "QRCodeMain", "QRCodeMain\QRCodeMain.csproj", "{7F890A31-736B-4C2D-81D4-3D7CD469FB5D}"
EndProject
Project("{9A19103F-16F7-4668-BE54-9A1E7A4F7556}") = "WordAnalyser", "WordAnalyser\WordAnalyser.csproj", "{DCA6FD0F-5684-4705-936B-763C4ACE76B3}"
EndProject
Project("{9A19103F-16F7-4668-BE54-9A1E7A4F7556}") = "BookReader", "BookReader\BookReader.csproj", "{134C0B2E-130C-41BD-A261-DA8F3E1BF368}"
EndProject
Project("{9A19103F-16F7-4668-BE54-9A1E7A4F7556}") = "VocabularyAnalyser", "VocabularyAnalyser\VocabularyAnalyser.csproj", "{3CDAE151-C45E-402F-9918-F0C09CD7FBBF}"
EndProject
Project("{9A19103F-16F7-4668-BE54-9A1E7A4F7556}") = "PdfToTxt", "PdfToTxt\PdfToTxt.csproj", "{3D26EF7A-E454-40BC-9E0F-FAC62048DB78}"
EndProject
Project("{FAE04EC0-301F-11D3-BF4B-00C04F79EFBC}") = "PdfToTxtClassic", "..\dotnet\PdfToTxtClassic\PdfToTxtClassic.csproj", "{D749EFE9-2C62-4484-A447-E6B4AF09DE29}"
EndProject
Project("{9A19103F-16F7-4668-BE54-9A1E7A4F7556}") = "MigrateWordStatistics", "MigrateWordStatistics\MigrateWordStatistics.csproj", "{8500AE41-2C40-4F8F-BE18-A79C2B48551E}"
EndProject
Project("{FAE04EC0-301F-11D3-BF4B-00C04F79EFBC}") = "LanguageInit", "LanguageInit\LanguageInit.csproj", "{DDB89329-EE86-4980-9E1F-898AAB0A937F}"
EndProject
Global
	GlobalSection(SolutionConfigurationPlatforms) = preSolution
		Debug|Any CPU = Debug|Any CPU
		Release|Any CPU = Release|Any CPU
	EndGlobalSection
	GlobalSection(ProjectConfigurationPlatforms) = postSolution
		{7F890A31-736B-4C2D-81D4-3D7CD469FB5D}.Debug|Any CPU.ActiveCfg = Debug|Any CPU
		{7F890A31-736B-4C2D-81D4-3D7CD469FB5D}.Debug|Any CPU.Build.0 = Debug|Any CPU
		{7F890A31-736B-4C2D-81D4-3D7CD469FB5D}.Release|Any CPU.ActiveCfg = Release|Any CPU
		{7F890A31-736B-4C2D-81D4-3D7CD469FB5D}.Release|Any CPU.Build.0 = Release|Any CPU
		{DCA6FD0F-5684-4705-936B-763C4ACE76B3}.Debug|Any CPU.ActiveCfg = Debug|Any CPU
		{DCA6FD0F-5684-4705-936B-763C4ACE76B3}.Debug|Any CPU.Build.0 = Debug|Any CPU
		{DCA6FD0F-5684-4705-936B-763C4ACE76B3}.Release|Any CPU.ActiveCfg = Release|Any CPU
		{DCA6FD0F-5684-4705-936B-763C4ACE76B3}.Release|Any CPU.Build.0 = Release|Any CPU
		{134C0B2E-130C-41BD-A261-DA8F3E1BF368}.Debug|Any CPU.ActiveCfg = Debug|Any CPU
		{134C0B2E-130C-41BD-A261-DA8F3E1BF368}.Debug|Any CPU.Build.0 = Debug|Any CPU
		{134C0B2E-130C-41BD-A261-DA8F3E1BF368}.Release|Any CPU.ActiveCfg = Release|Any CPU
		{134C0B2E-130C-41BD-A261-DA8F3E1BF368}.Release|Any CPU.Build.0 = Release|Any CPU
		{3CDAE151-C45E-402F-9918-F0C09CD7FBBF}.Debug|Any CPU.ActiveCfg = Debug|Any CPU
		{3CDAE151-C45E-402F-9918-F0C09CD7FBBF}.Debug|Any CPU.Build.0 = Debug|Any CPU
		{3CDAE151-C45E-402F-9918-F0C09CD7FBBF}.Release|Any CPU.ActiveCfg = Release|Any CPU
		{3CDAE151-C45E-402F-9918-F0C09CD7FBBF}.Release|Any CPU.Build.0 = Release|Any CPU
		{3D26EF7A-E454-40BC-9E0F-FAC62048DB78}.Debug|Any CPU.ActiveCfg = Debug|Any CPU
		{3D26EF7A-E454-40BC-9E0F-FAC62048DB78}.Debug|Any CPU.Build.0 = Debug|Any CPU
		{3D26EF7A-E454-40BC-9E0F-FAC62048DB78}.Release|Any CPU.ActiveCfg = Release|Any CPU
		{3D26EF7A-E454-40BC-9E0F-FAC62048DB78}.Release|Any CPU.Build.0 = Release|Any CPU
		{D749EFE9-2C62-4484-A447-E6B4AF09DE29}.Debug|Any CPU.ActiveCfg = Debug|Any CPU
		{D749EFE9-2C62-4484-A447-E6B4AF09DE29}.Debug|Any CPU.Build.0 = Debug|Any CPU
		{D749EFE9-2C62-4484-A447-E6B4AF09DE29}.Release|Any CPU.ActiveCfg = Release|Any CPU
		{D749EFE9-2C62-4484-A447-E6B4AF09DE29}.Release|Any CPU.Build.0 = Release|Any CPU
		{8500AE41-2C40-4F8F-BE18-A79C2B48551E}.Debug|Any CPU.ActiveCfg = Debug|Any CPU
		{8500AE41-2C40-4F8F-BE18-A79C2B48551E}.Debug|Any CPU.Build.0 = Debug|Any CPU
		{8500AE41-2C40-4F8F-BE18-A79C2B48551E}.Release|Any CPU.ActiveCfg = Release|Any CPU
		{8500AE41-2C40-4F8F-BE18-A79C2B48551E}.Release|Any CPU.Build.0 = Release|Any CPU
		{DDB89329-EE86-4980-9E1F-898AAB0A937F}.Debug|Any CPU.ActiveCfg = Debug|Any CPU
		{DDB89329-EE86-4980-9E1F-898AAB0A937F}.Debug|Any CPU.Build.0 = Debug|Any CPU
		{DDB89329-EE86-4980-9E1F-898AAB0A937F}.Release|Any CPU.ActiveCfg = Release|Any CPU
		{DDB89329-EE86-4980-9E1F-898AAB0A937F}.Release|Any CPU.Build.0 = Release|Any CPU
	EndGlobalSection
	GlobalSection(SolutionProperties) = preSolution
		HideSolutionNode = FALSE
	EndGlobalSection
	GlobalSection(ExtensibilityGlobals) = postSolution
		SolutionGuid = {64017058-7297-4CFD-BFC6-67D88CABB151}
	EndGlobalSection
EndGlobal
