
Microsoft Visual Studio Solution File, Format Version 12.00
# Visual Studio 15
VisualStudioVersion = 15.0.27428.2015
MinimumVisualStudioVersion = 10.0.40219.1
Project("{9A19103F-16F7-4668-BE54-9A1E7A4F7556}") = "QRCodeMain", "QRCodeMain\QRCodeMain.csproj", "{7F890A31-736B-4C2D-81D4-3D7CD469FB5D}"
EndProject
Global
	GlobalSection(SolutionConfigurationPlatforms) = preSolution
		Debug|Any CPU = Debug|Any CPU
		Release|Any CPU = Release|Any CPU
	EndGlobalSection
	GlobalSection(ProjectConfigurationPlatforms) = postSolution
		{7F890A31-736B-4C2D-81D4-3D7CD469FB5D}.Debug|Any CPU.ActiveCfg = Debug|Any CPU
		{7F890A31-736B-4C2D-81D4-3D7CD469FB5D}.Debug|Any CPU.Build.0 = Debug|Any CPU
		{7F890A31-736B-4C2D-81D4-3D7CD469FB5D}.Release|Any CPU.ActiveCfg = Release|Any CPU
		{7F890A31-736B-4C2D-81D4-3D7CD469FB5D}.Release|Any CPU.Build.0 = Release|Any CPU
	EndGlobalSection
	GlobalSection(SolutionProperties) = preSolution
		HideSolutionNode = FALSE
	EndGlobalSection
	GlobalSection(ExtensibilityGlobals) = postSolution
		SolutionGuid = {64017058-7297-4CFD-BFC6-67D88CABB151}
	EndGlobalSection
EndGlobal
